
Microsoft Visual Studio Solution File, Format Version 12.00
# Visual Studio Version 17
VisualStudioVersion = 17.0.32112.339
MinimumVisualStudioVersion = 10.0.40219.1
Project("{FAE04EC0-301F-11D3-BF4B-00C04F79EFBC}") = "Task3Sharp", "Task3Sharp\Task3Sharp.csproj", "{79256675-EFB1-4F1A-9229-A6AEC69AFEFA}"
EndProject
Global
	GlobalSection(SolutionConfigurationPlatforms) = preSolution
		Debug|Any CPU = Debug|Any CPU
		Release|Any CPU = Release|Any CPU
	EndGlobalSection
	GlobalSection(ProjectConfigurationPlatforms) = postSolution
		{79256675-EFB1-4F1A-9229-A6AEC69AFEFA}.Debug|Any CPU.ActiveCfg = Debug|Any CPU
		{79256675-EFB1-4F1A-9229-A6AEC69AFEFA}.Debug|Any CPU.Build.0 = Debug|Any CPU
		{79256675-EFB1-4F1A-9229-A6AEC69AFEFA}.Release|Any CPU.ActiveCfg = Release|Any CPU
		{79256675-EFB1-4F1A-9229-A6AEC69AFEFA}.Release|Any CPU.Build.0 = Release|Any CPU
	EndGlobalSection
	GlobalSection(SolutionProperties) = preSolution
		HideSolutionNode = FALSE
	EndGlobalSection
	GlobalSection(ExtensibilityGlobals) = postSolution
		SolutionGuid = {3EB705FB-2046-49DB-9E38-AB7978E240AA}
	EndGlobalSection
EndGlobal
